
Microsoft Visual Studio Solution File, Format Version 12.00
# Visual Studio Version 16
VisualStudioVersion = 16.0.31829.152
MinimumVisualStudioVersion = 10.0.40219.1
Project("{FAE04EC0-301F-11D3-BF4B-00C04F79EFBC}") = "BidOneCoding", "BidOneCoding\BidOneCoding.csproj", "{246C9EB9-52B8-4098-BC50-C2E754BD78C3}"
EndProject
Project("{FAE04EC0-301F-11D3-BF4B-00C04F79EFBC}") = "BidOneCoding.Tests", "BidOneCoding.Tests\BidOneCoding.Tests.csproj", "{F5AB7A02-B34A-4F2B-9E58-6BC8868B3A4D}"
EndProject
Global
	GlobalSection(SolutionConfigurationPlatforms) = preSolution
		Debug|Any CPU = Debug|Any CPU
		Release|Any CPU = Release|Any CPU
	EndGlobalSection
	GlobalSection(ProjectConfigurationPlatforms) = postSolution
		{246C9EB9-52B8-4098-BC50-C2E754BD78C3}.Debug|Any CPU.ActiveCfg = Debug|Any CPU
		{246C9EB9-52B8-4098-BC50-C2E754BD78C3}.Debug|Any CPU.Build.0 = Debug|Any CPU
		{246C9EB9-52B8-4098-BC50-C2E754BD78C3}.Release|Any CPU.ActiveCfg = Release|Any CPU
		{246C9EB9-52B8-4098-BC50-C2E754BD78C3}.Release|Any CPU.Build.0 = Release|Any CPU
		{F5AB7A02-B34A-4F2B-9E58-6BC8868B3A4D}.Debug|Any CPU.ActiveCfg = Debug|Any CPU
		{F5AB7A02-B34A-4F2B-9E58-6BC8868B3A4D}.Debug|Any CPU.Build.0 = Debug|Any CPU
		{F5AB7A02-B34A-4F2B-9E58-6BC8868B3A4D}.Release|Any CPU.ActiveCfg = Release|Any CPU
		{F5AB7A02-B34A-4F2B-9E58-6BC8868B3A4D}.Release|Any CPU.Build.0 = Release|Any CPU
	EndGlobalSection
	GlobalSection(SolutionProperties) = preSolution
		HideSolutionNode = FALSE
	EndGlobalSection
	GlobalSection(ExtensibilityGlobals) = postSolution
		SolutionGuid = {9C003868-E5C5-4A43-97FB-B1FA2A572DAF}
	EndGlobalSection
EndGlobal
